Microsoft Visual Studio Solution File, Format Version 11.00
# Visual Studio 2008

Project("{95FFD9D1-0DC2-0A5E-1C69-D594C625A71C}") = "InfiniteGeneration_Terrain[Working]", "Assembly-CSharp-firstpass.csproj", "{7A192A22-7D30-B3CA-E75F-110421AD0BD3}"
EndProject
Project("{95FFD9D1-0DC2-0A5E-1C69-D594C625A71C}") = "InfiniteGeneration_Terrain[Working]", "Assembly-CSharp.csproj", "{8522B494-ACFD-4A88-D26F-23570C5EC068}"
EndProject
Project("{95FFD9D1-0DC2-0A5E-1C69-D594C625A71C}") = "InfiniteGeneration_Terrain[Working]", "Assembly-UnityScript-firstpass.unityproj", "{31B061B9-865A-F5A0-B891-46E2D684C74C}"
EndProject
Project("{95FFD9D1-0DC2-0A5E-1C69-D594C625A71C}") = "InfiniteGeneration_Terrain[Working]", "Assembly-UnityScript.unityproj", "{FF29B437-B3D2-32C3-8F59-A7FB62F204B6}"
EndProject
Global
	GlobalSection(SolutionConfigurationPlatforms) = preSolution
		Debug|Any CPU = Debug|Any CPU
		Release|Any CPU = Release|Any CPU
	EndGlobalSection
	GlobalSection(ProjectConfigurationPlatforms) = postSolution
		{7A192A22-7D30-B3CA-E75F-110421AD0BD3}.Debug|Any CPU.ActiveCfg = Debug|Any CPU
		{7A192A22-7D30-B3CA-E75F-110421AD0BD3}.Debug|Any CPU.Build.0 = Debug|Any CPU
		{7A192A22-7D30-B3CA-E75F-110421AD0BD3}.Release|Any CPU.ActiveCfg = Release|Any CPU
		{7A192A22-7D30-B3CA-E75F-110421AD0BD3}.Release|Any CPU.Build.0 = Release|Any CPU
		{8522B494-ACFD-4A88-D26F-23570C5EC068}.Debug|Any CPU.ActiveCfg = Debug|Any CPU
		{8522B494-ACFD-4A88-D26F-23570C5EC068}.Debug|Any CPU.Build.0 = Debug|Any CPU
		{8522B494-ACFD-4A88-D26F-23570C5EC068}.Release|Any CPU.ActiveCfg = Release|Any CPU
		{8522B494-ACFD-4A88-D26F-23570C5EC068}.Release|Any CPU.Build.0 = Release|Any CPU
		{31B061B9-865A-F5A0-B891-46E2D684C74C}.Debug|Any CPU.ActiveCfg = Debug|Any CPU
		{31B061B9-865A-F5A0-B891-46E2D684C74C}.Debug|Any CPU.Build.0 = Debug|Any CPU
		{31B061B9-865A-F5A0-B891-46E2D684C74C}.Release|Any CPU.ActiveCfg = Release|Any CPU
		{31B061B9-865A-F5A0-B891-46E2D684C74C}.Release|Any CPU.Build.0 = Release|Any CPU
		{FF29B437-B3D2-32C3-8F59-A7FB62F204B6}.Debug|Any CPU.ActiveCfg = Debug|Any CPU
		{FF29B437-B3D2-32C3-8F59-A7FB62F204B6}.Debug|Any CPU.Build.0 = Debug|Any CPU
		{FF29B437-B3D2-32C3-8F59-A7FB62F204B6}.Release|Any CPU.ActiveCfg = Release|Any CPU
		{FF29B437-B3D2-32C3-8F59-A7FB62F204B6}.Release|Any CPU.Build.0 = Release|Any CPU
	EndGlobalSection
	GlobalSection(SolutionProperties) = preSolution
		HideSolutionNode = FALSE
	EndGlobalSection
					GlobalSection(MonoDevelopProperties) = preSolution
		StartupItem = Assembly-CSharp.csproj
		Policies = $0
		$0.TextStylePolicy = $1
		$1.inheritsSet = null
		$1.scope = text/x-csharp
		$0.CSharpFormattingPolicy = $2
		$2.inheritsSet = Mono
		$2.inheritsScope = text/x-csharp
		$2.scope = text/x-csharp
		$0.TextStylePolicy = $3
		$3.FileWidth = 120
		$3.TabWidth = 4
		$3.EolMarker = Unix
		$3.inheritsSet = Mono
		$3.inheritsScope = text/plain
		$3.scope = text/plain
	EndGlobalSection

EndGlobal
