Microsoft Visual Studio Solution File, Format Version 11.00
# Visual Studio 2008

Project("{23A7CC96-2D3C-5FE7-FD86-B9121C02A325}") = "InfiniteGeneration_Terrain_Latest", "Assembly-CSharp-firstpass.csproj", "{D673BBB8-9A4F-DDA3-FDD9-684728172095}"
EndProject
Project("{23A7CC96-2D3C-5FE7-FD86-B9121C02A325}") = "InfiniteGeneration_Terrain_Latest", "Assembly-CSharp.csproj", "{22229C2E-AD09-5A76-8C8A-5168953D436E}"
EndProject
Project("{23A7CC96-2D3C-5FE7-FD86-B9121C02A325}") = "InfiniteGeneration_Terrain_Latest", "Assembly-UnityScript-firstpass.unityproj", "{192816B5-974D-43D6-B317-9CBDDE75002C}"
EndProject
Project("{23A7CC96-2D3C-5FE7-FD86-B9121C02A325}") = "InfiniteGeneration_Terrain_Latest", "Assembly-UnityScript.unityproj", "{5BC9AD2E-7E5F-A466-AB42-5A25704C18E8}"
EndProject
Global
	GlobalSection(SolutionConfigurationPlatforms) = preSolution
		Debug|Any CPU = Debug|Any CPU
		Release|Any CPU = Release|Any CPU
	EndGlobalSection
	GlobalSection(ProjectConfigurationPlatforms) = postSolution
		{D673BBB8-9A4F-DDA3-FDD9-684728172095}.Debug|Any CPU.ActiveCfg = Debug|Any CPU
		{D673BBB8-9A4F-DDA3-FDD9-684728172095}.Debug|Any CPU.Build.0 = Debug|Any CPU
		{D673BBB8-9A4F-DDA3-FDD9-684728172095}.Release|Any CPU.ActiveCfg = Release|Any CPU
		{D673BBB8-9A4F-DDA3-FDD9-684728172095}.Release|Any CPU.Build.0 = Release|Any CPU
		{22229C2E-AD09-5A76-8C8A-5168953D436E}.Debug|Any CPU.ActiveCfg = Debug|Any CPU
		{22229C2E-AD09-5A76-8C8A-5168953D436E}.Debug|Any CPU.Build.0 = Debug|Any CPU
		{22229C2E-AD09-5A76-8C8A-5168953D436E}.Release|Any CPU.ActiveCfg = Release|Any CPU
		{22229C2E-AD09-5A76-8C8A-5168953D436E}.Release|Any CPU.Build.0 = Release|Any CPU
		{192816B5-974D-43D6-B317-9CBDDE75002C}.Debug|Any CPU.ActiveCfg = Debug|Any CPU
		{192816B5-974D-43D6-B317-9CBDDE75002C}.Debug|Any CPU.Build.0 = Debug|Any CPU
		{192816B5-974D-43D6-B317-9CBDDE75002C}.Release|Any CPU.ActiveCfg = Release|Any CPU
		{192816B5-974D-43D6-B317-9CBDDE75002C}.Release|Any CPU.Build.0 = Release|Any CPU
		{5BC9AD2E-7E5F-A466-AB42-5A25704C18E8}.Debug|Any CPU.ActiveCfg = Debug|Any CPU
		{5BC9AD2E-7E5F-A466-AB42-5A25704C18E8}.Debug|Any CPU.Build.0 = Debug|Any CPU
		{5BC9AD2E-7E5F-A466-AB42-5A25704C18E8}.Release|Any CPU.ActiveCfg = Release|Any CPU
		{5BC9AD2E-7E5F-A466-AB42-5A25704C18E8}.Release|Any CPU.Build.0 = Release|Any CPU
	EndGlobalSection
	GlobalSection(SolutionProperties) = preSolution
		HideSolutionNode = FALSE
	EndGlobalSection
																																GlobalSection(MonoDevelopProperties) = preSolution
		StartupItem = Assembly-CSharp.csproj
		Policies = $0
		$0.TextStylePolicy = $1
		$1.inheritsSet = null
		$1.scope = text/x-csharp
		$0.CSharpFormattingPolicy = $2
		$2.inheritsSet = Mono
		$2.inheritsScope = text/x-csharp
		$2.scope = text/x-csharp
		$0.TextStylePolicy = $3
		$3.FileWidth = 120
		$3.TabWidth = 4
		$3.EolMarker = Unix
		$3.inheritsSet = Mono
		$3.inheritsScope = text/plain
		$3.scope = text/plain
	EndGlobalSection

EndGlobal
